
Microsoft Visual Studio Solution File, Format Version 12.00
# Visual Studio Version 16
VisualStudioVersion = 16.0.29230.47
MinimumVisualStudioVersion = 10.0.40219.1
Project("{FAE04EC0-301F-11D3-BF4B-00C04F79EFBC}") = "DelegatedPropertySharp.Fody", "DelegatedPropertySharp.Fody\DelegatedPropertySharp.Fody.csproj", "{2167C0DA-AC9A-49BD-9384-28B008D9C10C}"
EndProject
Global
	GlobalSection(SolutionConfigurationPlatforms) = preSolution
		Debug|Any CPU = Debug|Any CPU
		Release|Any CPU = Release|Any CPU
	EndGlobalSection
	GlobalSection(ProjectConfigurationPlatforms) = postSolution
		{2167C0DA-AC9A-49BD-9384-28B008D9C10C}.Debug|Any CPU.ActiveCfg = Debug|Any CPU
		{2167C0DA-AC9A-49BD-9384-28B008D9C10C}.Debug|Any CPU.Build.0 = Debug|Any CPU
		{2167C0DA-AC9A-49BD-9384-28B008D9C10C}.Release|Any CPU.ActiveCfg = Release|Any CPU
		{2167C0DA-AC9A-49BD-9384-28B008D9C10C}.Release|Any CPU.Build.0 = Release|Any CPU
	EndGlobalSection
	GlobalSection(SolutionProperties) = preSolution
		HideSolutionNode = FALSE
	EndGlobalSection
	GlobalSection(ExtensibilityGlobals) = postSolution
		SolutionGuid = {4BEA7A33-BBF8-4BA1-ADEB-AC9AF1688507}
	EndGlobalSection
EndGlobal
